// !$*UTF8*$!
{
	archiveVersion = 1;
	classes = {
	};
	objectVersion = 50;
	objects = {

/* Begin PBXBuildFile section */
		279B34382623D359005BCC09 /* MonetaApp.swift in Sources */ = {isa = PBXBuildFile; fileRef = 279B34372623D359005BCC09 /* MonetaApp.swift */; };
		279B343A2623D359005BCC09 /* ContentView.swift in Sources */ = {isa = PBXBuildFile; fileRef = 279B34392623D359005BCC09 /* ContentView.swift */; };
		279B343C2623D35D005BCC09 /* Assets.xcassets in Resources */ = {isa = PBXBuildFile; fileRef = 279B343B2623D35D005BCC09 /* Assets.xcassets */; };
		279B343F2623D35D005BCC09 /* Preview Assets.xcassets in Resources */ = {isa = PBXBuildFile; fileRef = 279B343E2623D35D005BCC09 /* Preview Assets.xcassets */; };
		279B344A2623D35E005BCC09 /* MonetaTests.swift in Sources */ = {isa = PBXBuildFile; fileRef = 279B34492623D35E005BCC09 /* MonetaTests.swift */; };
		279B34552623D35E005BCC09 /* MonetaUITests.swift in Sources */ = {isa = PBXBuildFile; fileRef = 279B34542623D35E005BCC09 /* MonetaUITests.swift */; };
/* End PBXBuildFile section */

/* Begin PBXContainerItemProxy section */
		279B34462623D35E005BCC09 /* PBXContainerItemProxy */ = {
			isa = PBXContainerItemProxy;
			containerPortal = 279B342C2623D359005BCC09 /* Project object */;
			proxyType = 1;
			remoteGlobalIDString = 279B34332623D359005BCC09;
			remoteInfo = Moneta;
		};
		279B34512623D35E005BCC09 /* PBXContainerItemProxy */ = {
			isa = PBXContainerItemProxy;
			containerPortal = 279B342C2623D359005BCC09 /* Project object */;
			proxyType = 1;
			remoteGlobalIDString = 279B34332623D359005BCC09;
			remoteInfo = Moneta;
		};
/* End PBXContainerItemProxy section */

/* Begin PBXFileReference section */
		279B34342623D359005BCC09 /* Moneta.app */ = {isa = PBXFileReference; explicitFileType = wrapper.application; includeInIndex = 0; path = Moneta.app; sourceTree = BUILT_PRODUCTS_DIR; };
		279B34372623D359005BCC09 /* MonetaApp.swift */ = {isa = PBXFileReference; lastKnownFileType = sourcecode.swift; path = MonetaApp.swift; sourceTree = "<group>"; };
		279B34392623D359005BCC09 /* ContentView.swift */ = {isa = PBXFileReference; lastKnownFileType = sourcecode.swift; path = ContentView.swift; sourceTree = "<group>"; };
		279B343B2623D35D005BCC09 /* Assets.xcassets */ = {isa = PBXFileReference; lastKnownFileType = folder.assetcatalog; path = Assets.xcassets; sourceTree = "<group>"; };
		279B343E2623D35D005BCC09 /* Preview Assets.xcassets */ = {isa = PBXFileReference; lastKnownFileType = folder.assetcatalog; path = "Preview Assets.xcassets"; sourceTree = "<group>"; };
		279B34402623D35D005BCC09 /* Info.plist */ = {isa = PBXFileReference; lastKnownFileType = text.plist.xml; path = Info.plist; sourceTree = "<group>"; };
		279B34452623D35E005BCC09 /* MonetaTests.xctest */ = {isa = PBXFileReference; explicitFileType = wrapper.cfbundle; includeInIndex = 0; path = MonetaTests.xctest; sourceTree = BUILT_PRODUCTS_DIR; };
		279B34492623D35E005BCC09 /* MonetaTests.swift */ = {isa = PBXFileReference; lastKnownFileType = sourcecode.swift; path = MonetaTests.swift; sourceTree = "<group>"; };
		279B344B2623D35E005BCC09 /* Info.plist */ = {isa = PBXFileReference; lastKnownFileType = text.plist.xml; path = Info.plist; sourceTree = "<group>"; };
		279B34502623D35E005BCC09 /* MonetaUITests.xctest */ = {isa = PBXFileReference; explicitFileType = wrapper.cfbundle; includeInIndex = 0; path = MonetaUITests.xctest; sourceTree = BUILT_PRODUCTS_DIR; };
		279B34542623D35E005BCC09 /* MonetaUITests.swift */ = {isa = PBXFileReference; lastKnownFileType = sourcecode.swift; path = MonetaUITests.swift; sourceTree = "<group>"; };
		279B34562623D35E005BCC09 /* Info.plist */ = {isa = PBXFileReference; lastKnownFileType = text.plist.xml; path = Info.plist; sourceTree = "<group>"; };
/* End PBXFileReference section */

/* Begin PBXFrameworksBuildPhase section */
		279B34312623D359005BCC09 /* Frameworks */ = {
			isa = PBXFrameworksBuildPhase;
			buildActionMask = 2147483647;
			files = (
			);
			runOnlyForDeploymentPostprocessing = 0;
		};
		279B34422623D35E005BCC09 /* Frameworks */ = {
			isa = PBXFrameworksBuildPhase;
			buildActionMask = 2147483647;
			files = (
			);
			runOnlyForDeploymentPostprocessing = 0;
		};
		279B344D2623D35E005BCC09 /* Frameworks */ = {
			isa = PBXFrameworksBuildPhase;
			buildActionMask = 2147483647;
			files = (
			);
			runOnlyForDeploymentPostprocessing = 0;
		};
/* End PBXFrameworksBuildPhase section */

/* Begin PBXGroup section */
		279B342B2623D359005BCC09 = {
			isa = PBXGroup;
			children = (
				279B34362623D359005BCC09 /* Moneta */,
				279B34482623D35E005BCC09 /* MonetaTests */,
				279B34532623D35E005BCC09 /* MonetaUITests */,
				279B34352623D359005BCC09 /* Products */,
			);
			sourceTree = "<group>";
		};
		279B34352623D359005BCC09 /* Products */ = {
			isa = PBXGroup;
			children = (
				279B34342623D359005BCC09 /* Moneta.app */,
				279B34452623D35E005BCC09 /* MonetaTests.xctest */,
				279B34502623D35E005BCC09 /* MonetaUITests.xctest */,
			);
			name = Products;
			sourceTree = "<group>";
		};
		279B34362623D359005BCC09 /* Moneta */ = {
			isa = PBXGroup;
			children = (
				279B34372623D359005BCC09 /* MonetaApp.swift */,
				279B34392623D359005BCC09 /* ContentView.swift */,
				279B343B2623D35D005BCC09 /* Assets.xcassets */,
				279B34402623D35D005BCC09 /* Info.plist */,
				279B343D2623D35D005BCC09 /* Preview Content */,
			);
			path = Moneta;
			sourceTree = "<group>";
		};
		279B343D2623D35D005BCC09 /* Preview Content */ = {
			isa = PBXGroup;
			children = (
				279B343E2623D35D005BCC09 /* Preview Assets.xcassets */,
			);
			path = "Preview Content";
			sourceTree = "<group>";
		};
		279B34482623D35E005BCC09 /* MonetaTests */ = {
			isa = PBXGroup;
			children = (
				279B34492623D35E005BCC09 /* MonetaTests.swift */,
				279B344B2623D35E005BCC09 /* Info.plist */,
			);
			path = MonetaTests;
			sourceTree = "<group>";
		};
		279B34532623D35E005BCC09 /* MonetaUITests */ = {
			isa = PBXGroup;
			children = (
				279B34542623D35E005BCC09 /* MonetaUITests.swift */,
				279B34562623D35E005BCC09 /* Info.plist */,
			);
			path = MonetaUITests;
			sourceTree = "<group>";
		};
/* End PBXGroup section */

/* Begin PBXNativeTarget section */
		279B34332623D359005BCC09 /* Moneta */ = {
			isa = PBXNativeTarget;
			buildConfigurationList = 279B34592623D35E005BCC09 /* Build configuration list for PBXNativeTarget "Moneta" */;
			buildPhases = (
				279B34302623D359005BCC09 /* Sources */,
				279B34312623D359005BCC09 /* Frameworks */,
				279B34322623D359005BCC09 /* Resources */,
			);
			buildRules = (
			);
			dependencies = (
			);
			name = Moneta;
			productName = Moneta;
			productReference = 279B34342623D359005BCC09 /* Moneta.app */;
			productType = "com.apple.product-type.application";
		};
		279B34442623D35E005BCC09 /* MonetaTests */ = {
			isa = PBXNativeTarget;
			buildConfigurationList = 279B345C2623D35E005BCC09 /* Build configuration list for PBXNativeTarget "MonetaTests" */;
			buildPhases = (
				279B34412623D35E005BCC09 /* Sources */,
				279B34422623D35E005BCC09 /* Frameworks */,
				279B34432623D35E005BCC09 /* Resources */,
			);
			buildRules = (
			);
			dependencies = (
				279B34472623D35E005BCC09 /* PBXTargetDependency */,
			);
			name = MonetaTests;
			productName = MonetaTests;
			productReference = 279B34452623D35E005BCC09 /* MonetaTests.xctest */;
			productType = "com.apple.product-type.bundle.unit-test";
		};
		279B344F2623D35E005BCC09 /* MonetaUITests */ = {
			isa = PBXNativeTarget;
			buildConfigurationList = 279B345F2623D35E005BCC09 /* Build configuration list for PBXNativeTarget "MonetaUITests" */;
			buildPhases = (
				279B344C2623D35E005BCC09 /* Sources */,
				279B344D2623D35E005BCC09 /* Frameworks */,
				279B344E2623D35E005BCC09 /* Resources */,
			);
			buildRules = (
			);
			dependencies = (
				279B34522623D35E005BCC09 /* PBXTargetDependency */,
			);
			name = MonetaUITests;
			productName = MonetaUITests;
			productReference = 279B34502623D35E005BCC09 /* MonetaUITests.xctest */;
			productType = "com.apple.product-type.bundle.ui-testing";
		};
/* End PBXNativeTarget section */

/* Begin PBXProject section */
		279B342C2623D359005BCC09 /* Project object */ = {
			isa = PBXProject;
			attributes = {
				LastSwiftUpdateCheck = 1240;
				LastUpgradeCheck = 1240;
				TargetAttributes = {
					279B34332623D359005BCC09 = {
						CreatedOnToolsVersion = 12.4;
					};
					279B34442623D35E005BCC09 = {
						CreatedOnToolsVersion = 12.4;
						TestTargetID = 279B34332623D359005BCC09;
					};
					279B344F2623D35E005BCC09 = {
						CreatedOnToolsVersion = 12.4;
						TestTargetID = 279B34332623D359005BCC09;
					};
				};
			};
			buildConfigurationList = 279B342F2623D359005BCC09 /* Build configuration list for PBXProject "Moneta" */;
			compatibilityVersion = "Xcode 9.3";
			developmentRegion = en;
			hasScannedForEncodings = 0;
			knownRegions = (
				en,
				Base,
			);
			mainGroup = 279B342B2623D359005BCC09;
			productRefGroup = 279B34352623D359005BCC09 /* Products */;
			projectDirPath = "";
			projectRoot = "";
			targets = (
				279B34332623D359005BCC09 /* Moneta */,
				279B34442623D35E005BCC09 /* MonetaTests */,
				279B344F2623D35E005BCC09 /* MonetaUITests */,
			);
		};
/* End PBXProject section */

/* Begin PBXResourcesBuildPhase section */
		279B34322623D359005BCC09 /* Resources */ = {
			isa = PBXResourcesBuildPhase;
			buildActionMask = 2147483647;
			files = (
				279B343F2623D35D005BCC09 /* Preview Assets.xcassets in Resources */,
				279B343C2623D35D005BCC09 /* Assets.xcassets in Resources */,
			);
			runOnlyForDeploymentPostprocessing = 0;
		};
		279B34432623D35E005BCC09 /* Resources */ = {
			isa = PBXResourcesBuildPhase;
			buildActionMask = 2147483647;
			files = (
			);
			runOnlyForDeploymentPostprocessing = 0;
		};
		279B344E2623D35E005BCC09 /* Resources */ = {
			isa = PBXResourcesBuildPhase;
			buildActionMask = 2147483647;
			files = (
			);
			runOnlyForDeploymentPostprocessing = 0;
		};
/* End PBXResourcesBuildPhase section */

/* Begin PBXSourcesBuildPhase section */
		279B34302623D359005BCC09 /* Sources */ = {
			isa = PBXSourcesBuildPhase;
			buildActionMask = 2147483647;
			files = (
				279B343A2623D359005BCC09 /* ContentView.swift in Sources */,
				279B34382623D359005BCC09 /* MonetaApp.swift in Sources */,
			);
			runOnlyForDeploymentPostprocessing = 0;
		};
		279B34412623D35E005BCC09 /* Sources */ = {
			isa = PBXSourcesBuildPhase;
			buildActionMask = 2147483647;
			files = (
				279B344A2623D35E005BCC09 /* MonetaTests.swift in Sources */,
			);
			runOnlyForDeploymentPostprocessing = 0;
		};
		279B344C2623D35E005BCC09 /* Sources */ = {
			isa = PBXSourcesBuildPhase;
			buildActionMask = 2147483647;
			files = (
				279B34552623D35E005BCC09 /* MonetaUITests.swift in Sources */,
			);
			runOnlyForDeploymentPostprocessing = 0;
		};
/* End PBXSourcesBuildPhase section */

/* Begin PBXTargetDependency section */
		279B34472623D35E005BCC09 /* PBXTargetDependency */ = {
			isa = PBXTargetDependency;
			target = 279B34332623D359005BCC09 /* Moneta */;
			targetProxy = 279B34462623D35E005BCC09 /* PBXContainerItemProxy */;
		};
		279B34522623D35E005BCC09 /* PBXTargetDependency */ = {
			isa = PBXTargetDependency;
			target = 279B34332623D359005BCC09 /* Moneta */;
			targetProxy = 279B34512623D35E005BCC09 /* PBXContainerItemProxy */;
		};
/* End PBXTargetDependency section */

/* Begin XCBuildConfiguration section */
		279B34572623D35E005BCC09 /* Debug */ = {
			isa = XCBuildConfiguration;
			buildSettings = {
				ALWAYS_SEARCH_USER_PATHS = NO;
				CLANG_ANALYZER_NONNULL = YES;
				CLANG_ANALYZER_NUMBER_OBJECT_CONVERSION = YES_AGGRESSIVE;
				CLANG_CXX_LANGUAGE_STANDARD = "gnu++14";
				CLANG_CXX_LIBRARY = "libc++";
				CLANG_ENABLE_MODULES = YES;
				CLANG_ENABLE_OBJC_ARC = YES;
				CLANG_ENABLE_OBJC_WEAK = YES;
				CLANG_WARN_BLOCK_CAPTURE_AUTORELEASING = YES;
				CLANG_WARN_BOOL_CONVERSION = YES;
				CLANG_WARN_COMMA = YES;
				CLANG_WARN_CONSTANT_CONVERSION = YES;
				CLANG_WARN_DEPRECATED_OBJC_IMPLEMENTATIONS = YES;
				CLANG_WARN_DIRECT_OBJC_ISA_USAGE = YES_ERROR;
				CLANG_WARN_DOCUMENTATION_COMMENTS = YES;
				CLANG_WARN_EMPTY_BODY = YES;
				CLANG_WARN_ENUM_CONVERSION = YES;
				CLANG_WARN_INFINITE_RECURSION = YES;
				CLANG_WARN_INT_CONVERSION = YES;
				CLANG_WARN_NON_LITERAL_NULL_CONVERSION = YES;
				CLANG_WARN_OBJC_IMPLICIT_RETAIN_SELF = YES;
				CLANG_WARN_OBJC_LITERAL_CONVERSION = YES;
				CLANG_WARN_OBJC_ROOT_CLASS = YES_ERROR;
				CLANG_WARN_QUOTED_INCLUDE_IN_FRAMEWORK_HEADER = YES;
				CLANG_WARN_RANGE_LOOP_ANALYSIS = YES;
				CLANG_WARN_STRICT_PROTOTYPES = YES;
				CLANG_WARN_SUSPICIOUS_MOVE = YES;
				CLANG_WARN_UNGUARDED_AVAILABILITY = YES_AGGRESSIVE;
				CLANG_WARN_UNREACHABLE_CODE = YES;
				CLANG_WARN__DUPLICATE_METHOD_MATCH = YES;
				COPY_PHASE_STRIP = NO;
				DEBUG_INFORMATION_FORMAT = dwarf;
				ENABLE_STRICT_OBJC_MSGSEND = YES;
				ENABLE_TESTABILITY = YES;
				GCC_C_LANGUAGE_STANDARD = gnu11;
				GCC_DYNAMIC_NO_PIC = NO;
				GCC_NO_COMMON_BLOCKS = YES;
				GCC_OPTIMIZATION_LEVEL = 0;
				GCC_PREPROCESSOR_DEFINITIONS = (
					"DEBUG=1",
					"$(inherited)",
				);
				GCC_WARN_64_TO_32_BIT_CONVERSION = YES;
				GCC_WARN_ABOUT_RETURN_TYPE = YES_ERROR;
				GCC_WARN_UNDECLARED_SELECTOR = YES;
				GCC_WARN_UNINITIALIZED_AUTOS = YES_AGGRESSIVE;
				GCC_WARN_UNUSED_FUNCTION = YES;
				GCC_WARN_UNUSED_VARIABLE = YES;
				IPHONEOS_DEPLOYMENT_TARGET = 14.4;
				MTL_ENABLE_DEBUG_INFO = INCLUDE_SOURCE;
				MTL_FAST_MATH = YES;
				ONLY_ACTIVE_ARCH = YES;
				SDKROOT = iphoneos;
				SWIFT_ACTIVE_COMPILATION_CONDITIONS = DEBUG;
				SWIFT_OPTIMIZATION_LEVEL = "-Onone";
			};
			name = Debug;
		};
		279B34582623D35E005BCC09 /* Release */ = {
			isa = XCBuildConfiguration;
			buildSettings = {
				ALWAYS_SEARCH_USER_PATHS = NO;
				CLANG_ANALYZER_NONNULL = YES;
				CLANG_ANALYZER_NUMBER_OBJECT_CONVERSION = YES_AGGRESSIVE;
				CLANG_CXX_LANGUAGE_STANDARD = "gnu++14";
				CLANG_CXX_LIBRARY = "libc++";
				CLANG_ENABLE_MODULES = YES;
				CLANG_ENABLE_OBJC_ARC = YES;
				CLANG_ENABLE_OBJC_WEAK = YES;
				CLANG_WARN_BLOCK_CAPTURE_AUTORELEASING = YES;
				CLANG_WARN_BOOL_CONVERSION = YES;
				CLANG_WARN_COMMA = YES;
				CLANG_WARN_CONSTANT_CONVERSION = YES;
				CLANG_WARN_DEPRECATED_OBJC_IMPLEMENTATIONS = YES;
				CLANG_WARN_DIRECT_OBJC_ISA_USAGE = YES_ERROR;
				CLANG_WARN_DOCUMENTATION_COMMENTS = YES;
				CLANG_WARN_EMPTY_BODY = YES;
				CLANG_WARN_ENUM_CONVERSION = YES;
				CLANG_WARN_INFINITE_RECURSION = YES;
				CLANG_WARN_INT_CONVERSION = YES;
				CLANG_WARN_NON_LITERAL_NULL_CONVERSION = YES;
				CLANG_WARN_OBJC_IMPLICIT_RETAIN_SELF = YES;
				CLANG_WARN_OBJC_LITERAL_CONVERSION = YES;
				CLANG_WARN_OBJC_ROOT_CLASS = YES_ERROR;
				CLANG_WARN_QUOTED_INCLUDE_IN_FRAMEWORK_HEADER = YES;
				CLANG_WARN_RANGE_LOOP_ANALYSIS = YES;
				CLANG_WARN_STRICT_PROTOTYPES = YES;
				CLANG_WARN_SUSPICIOUS_MOVE = YES;
				CLANG_WARN_UNGUARDED_AVAILABILITY = YES_AGGRESSIVE;
				CLANG_WARN_UNREACHABLE_CODE = YES;
				CLANG_WARN__DUPLICATE_METHOD_MATCH = YES;
				COPY_PHASE_STRIP = NO;
				DEBUG_INFORMATION_FORMAT = "dwarf-with-dsym";
				ENABLE_NS_ASSERTIONS = NO;
				ENABLE_STRICT_OBJC_MSGSEND = YES;
				GCC_C_LANGUAGE_STANDARD = gnu11;
				GCC_NO_COMMON_BLOCKS = YES;
				GCC_WARN_64_TO_32_BIT_CONVERSION = YES;
				GCC_WARN_ABOUT_RETURN_TYPE = YES_ERROR;
				GCC_WARN_UNDECLARED_SELECTOR = YES;
				GCC_WARN_UNINITIALIZED_AUTOS = YES_AGGRESSIVE;
				GCC_WARN_UNUSED_FUNCTION = YES;
				GCC_WARN_UNUSED_VARIABLE = YES;
				IPHONEOS_DEPLOYMENT_TARGET = 14.4;
				MTL_ENABLE_DEBUG_INFO = NO;
				MTL_FAST_MATH = YES;
				SDKROOT = iphoneos;
				SWIFT_COMPILATION_MODE = wholemodule;
				SWIFT_OPTIMIZATION_LEVEL = "-O";
				VALIDATE_PRODUCT = YES;
			};
			name = Release;
		};
		279B345A2623D35E005BCC09 /* Debug */ = {
			isa = XCBuildConfiguration;
			buildSettings = {
				ASSETCATALOG_COMPILER_APPICON_NAME = AppIcon;
				ASSETCATALOG_COMPILER_GLOBAL_ACCENT_COLOR_NAME = AccentColor;
				CODE_SIGN_STYLE = Automatic;
				DEVELOPMENT_ASSET_PATHS = "\"Moneta/Preview Content\"";
				DEVELOPMENT_TEAM = D6R8J7AX93;
				ENABLE_PREVIEWS = YES;
				INFOPLIST_FILE = Moneta/Info.plist;
				IPHONEOS_DEPLOYMENT_TARGET = 14.0;
				LD_RUNPATH_SEARCH_PATHS = (
					"$(inherited)",
					"@executable_path/Frameworks",
				);
				PRODUCT_BUNDLE_IDENTIFIER = ClanFidolina.Moneta;
				PRODUCT_NAME = "$(TARGET_NAME)";
				SWIFT_VERSION = 5.0;
				TARGETED_DEVICE_FAMILY = "1,2";
			};
			name = Debug;
		};
		279B345B2623D35E005BCC09 /* Release */ = {
			isa = XCBuildConfiguration;
			buildSettings = {
				ASSETCATALOG_COMPILER_APPICON_NAME = AppIcon;
				ASSETCATALOG_COMPILER_GLOBAL_ACCENT_COLOR_NAME = AccentColor;
				CODE_SIGN_STYLE = Automatic;
				DEVELOPMENT_ASSET_PATHS = "\"Moneta/Preview Content\"";
				DEVELOPMENT_TEAM = D6R8J7AX93;
				ENABLE_PREVIEWS = YES;
				INFOPLIST_FILE = Moneta/Info.plist;
				IPHONEOS_DEPLOYMENT_TARGET = 14.0;
				LD_RUNPATH_SEARCH_PATHS = (
					"$(inherited)",
					"@executable_path/Frameworks",
				);
				PRODUCT_BUNDLE_IDENTIFIER = ClanFidolina.Moneta;
				PRODUCT_NAME = "$(TARGET_NAME)";
				SWIFT_VERSION = 5.0;
				TARGETED_DEVICE_FAMILY = "1,2";
			};
			name = Release;
		};
		279B345D2623D35E005BCC09 /* Debug */ = {
			isa = XCBuildConfiguration;
			buildSettings = {
				ALWAYS_EMBED_SWIFT_STANDARD_LIBRARIES = YES;
				BUNDLE_LOADER = "$(TEST_HOST)";
				CODE_SIGN_STYLE = Automatic;
				DEVELOPMENT_TEAM = D6R8J7AX93;
				INFOPLIST_FILE = MonetaTests/Info.plist;
				IPHONEOS_DEPLOYMENT_TARGET = 14.0;
				LD_RUNPATH_SEARCH_PATHS = (
					"$(inherited)",
					"@executable_path/Frameworks",
					"@loader_path/Frameworks",
				);
				PRODUCT_BUNDLE_IDENTIFIER = ClanFidolina.MonetaTests;
				PRODUCT_NAME = "$(TARGET_NAME)";
				SWIFT_VERSION = 5.0;
				TARGETED_DEVICE_FAMILY = "1,2";
				TEST_HOST = "$(BUILT_PRODUCTS_DIR)/Moneta.app/Moneta";
			};
			name = Debug;
		};
		279B345E2623D35E005BCC09 /* Release */ = {
			isa = XCBuildConfiguration;
			buildSettings = {
				ALWAYS_EMBED_SWIFT_STANDARD_LIBRARIES = YES;
				BUNDLE_LOADER = "$(TEST_HOST)";
				CODE_SIGN_STYLE = Automatic;
				DEVELOPMENT_TEAM = D6R8J7AX93;
				INFOPLIST_FILE = MonetaTests/Info.plist;
				IPHONEOS_DEPLOYMENT_TARGET = 14.0;
				LD_RUNPATH_SEARCH_PATHS = (
					"$(inherited)",
					"@executable_path/Frameworks",
					"@loader_path/Frameworks",
				);
				PRODUCT_BUNDLE_IDENTIFIER = ClanFidolina.MonetaTests;
				PRODUCT_NAME = "$(TARGET_NAME)";
				SWIFT_VERSION = 5.0;
				TARGETED_DEVICE_FAMILY = "1,2";
				TEST_HOST = "$(BUILT_PRODUCTS_DIR)/Moneta.app/Moneta";
			};
			name = Release;
		};
		279B34602623D35E005BCC09 /* Debug */ = {
			isa = XCBuildConfiguration;
			buildSettings = {
				ALWAYS_EMBED_SWIFT_STANDARD_LIBRARIES = YES;
				CODE_SIGN_STYLE = Automatic;
				DEVELOPMENT_TEAM = D6R8J7AX93;
				INFOPLIST_FILE = MonetaUITests/Info.plist;
				LD_RUNPATH_SEARCH_PATHS = (
					"$(inherited)",
					"@executable_path/Frameworks",
					"@loader_path/Frameworks",
				);
				PRODUCT_BUNDLE_IDENTIFIER = ClanFidolina.MonetaUITests;
				PRODUCT_NAME = "$(TARGET_NAME)";
				SWIFT_VERSION = 5.0;
				TARGETED_DEVICE_FAMILY = "1,2";
				TEST_TARGET_NAME = Moneta;
			};
			name = Debug;
		};
		279B34612623D35E005BCC09 /* Release */ = {
			isa = XCBuildConfiguration;
			buildSettings = {
				ALWAYS_EMBED_SWIFT_STANDARD_LIBRARIES = YES;
				CODE_SIGN_STYLE = Automatic;
				DEVELOPMENT_TEAM = D6R8J7AX93;
				INFOPLIST_FILE = MonetaUITests/Info.plist;
				LD_RUNPATH_SEARCH_PATHS = (
					"$(inherited)",
					"@executable_path/Frameworks",
					"@loader_path/Frameworks",
				);
				PRODUCT_BUNDLE_IDENTIFIER = ClanFidolina.MonetaUITests;
				PRODUCT_NAME = "$(TARGET_NAME)";
				SWIFT_VERSION = 5.0;
				TARGETED_DEVICE_FAMILY = "1,2";
				TEST_TARGET_NAME = Moneta;
			};
			name = Release;
		};
/* End XCBuildConfiguration section */

/* Begin XCConfigurationList section */
		279B342F2623D359005BCC09 /* Build configuration list for PBXProject "Moneta" */ = {
			isa = XCConfigurationList;
			buildConfigurations = (
				279B34572623D35E005BCC09 /* Debug */,
				279B34582623D35E005BCC09 /* Release */,
			);
			defaultConfigurationIsVisible = 0;
			defaultConfigurationName = Release;
		};
		279B34592623D35E005BCC09 /* Build configuration list for PBXNativeTarget "Moneta" */ = {
			isa = XCConfigurationList;
			buildConfigurations = (
				279B345A2623D35E005BCC09 /* Debug */,
				279B345B2623D35E005BCC09 /* Release */,
			);
			defaultConfigurationIsVisible = 0;
			defaultConfigurationName = Release;
		};
		279B345C2623D35E005BCC09 /* Build configuration list for PBXNativeTarget "MonetaTests" */ = {
			isa = XCConfigurationList;
			buildConfigurations = (
				279B345D2623D35E005BCC09 /* Debug */,
				279B345E2623D35E005BCC09 /* Release */,
			);
			defaultConfigurationIsVisible = 0;
			defaultConfigurationName = Release;
		};
		279B345F2623D35E005BCC09 /* Build configuration list for PBXNativeTarget "MonetaUITests" */ = {
			isa = XCConfigurationList;
			buildConfigurations = (
				279B34602623D35E005BCC09 /* Debug */,
				279B34612623D35E005BCC09 /* Release */,
			);
			defaultConfigurationIsVisible = 0;
			defaultConfigurationName = Release;
		};
/* End XCConfigurationList section */
	};
	rootObject = 279B342C2623D359005BCC09 /* Project object */;
}
